
Microsoft Visual Studio Solution File, Format Version 12.00
# Visual Studio Version 17
VisualStudioVersion = 17.0.31903.59
MinimumVisualStudioVersion = 10.0.40219.1
Project("{FAE04EC0-301F-11D3-BF4B-00C04F79EFBC}") = "Consumer", "consumer\Consumer.csproj", "{A2F64E43-1973-441C-988F-76B483DBDBA4}"
EndProject
Project("{FAE04EC0-301F-11D3-BF4B-00C04F79EFBC}") = "Publisher", "publisher\Publisher.csproj", "{9E2414C8-D143-4F3A-AD6C-F782EF6D2E45}"
EndProject
Global
	GlobalSection(SolutionConfigurationPlatforms) = preSolution
		Debug|Any CPU = Debug|Any CPU
		Release|Any CPU = Release|Any CPU
	EndGlobalSection
	GlobalSection(SolutionProperties) = preSolution
		HideSolutionNode = FALSE
	EndGlobalSection
	GlobalSection(ProjectConfigurationPlatforms) = postSolution
		{A2F64E43-1973-441C-988F-76B483DBDBA4}.Debug|Any CPU.ActiveCfg = Debug|Any CPU
		{A2F64E43-1973-441C-988F-76B483DBDBA4}.Debug|Any CPU.Build.0 = Debug|Any CPU
		{A2F64E43-1973-441C-988F-76B483DBDBA4}.Release|Any CPU.ActiveCfg = Release|Any CPU
		{A2F64E43-1973-441C-988F-76B483DBDBA4}.Release|Any CPU.Build.0 = Release|Any CPU
		{9E2414C8-D143-4F3A-AD6C-F782EF6D2E45}.Debug|Any CPU.ActiveCfg = Debug|Any CPU
		{9E2414C8-D143-4F3A-AD6C-F782EF6D2E45}.Debug|Any CPU.Build.0 = Debug|Any CPU
		{9E2414C8-D143-4F3A-AD6C-F782EF6D2E45}.Release|Any CPU.ActiveCfg = Release|Any CPU
		{9E2414C8-D143-4F3A-AD6C-F782EF6D2E45}.Release|Any CPU.Build.0 = Release|Any CPU
	EndGlobalSection
EndGlobal
